
Microsoft Visual Studio Solution File, Format Version 12.00
# Visual Studio Version 16
VisualStudioVersion = 16.0.31702.278
MinimumVisualStudioVersion = 10.0.40219.1
Project("{8BC9CEB8-8B4A-11D0-8D11-00A0C91BC942}") = "lab_vvp_9-3", "lab_vvp_9-3\lab_vvp_9-3.vcxproj", "{8C450843-3830-4C2F-A26D-7E69E1F8D5DD}"
EndProject
Global
	GlobalSection(SolutionConfigurationPlatforms) = preSolution
		Debug|x64 = Debug|x64
		Debug|x86 = Debug|x86
		Release|x64 = Release|x64
		Release|x86 = Release|x86
	EndGlobalSection
	GlobalSection(ProjectConfigurationPlatforms) = postSolution
		{8C450843-3830-4C2F-A26D-7E69E1F8D5DD}.Debug|x64.ActiveCfg = Debug|x64
		{8C450843-3830-4C2F-A26D-7E69E1F8D5DD}.Debug|x64.Build.0 = Debug|x64
		{8C450843-3830-4C2F-A26D-7E69E1F8D5DD}.Debug|x86.ActiveCfg = Debug|Win32
		{8C450843-3830-4C2F-A26D-7E69E1F8D5DD}.Debug|x86.Build.0 = Debug|Win32
		{8C450843-3830-4C2F-A26D-7E69E1F8D5DD}.Release|x64.ActiveCfg = Release|x64
		{8C450843-3830-4C2F-A26D-7E69E1F8D5DD}.Release|x64.Build.0 = Release|x64
		{8C450843-3830-4C2F-A26D-7E69E1F8D5DD}.Release|x86.ActiveCfg = Release|Win32
		{8C450843-3830-4C2F-A26D-7E69E1F8D5DD}.Release|x86.Build.0 = Release|Win32
	EndGlobalSection
	GlobalSection(SolutionProperties) = preSolution
		HideSolutionNode = FALSE
	EndGlobalSection
	GlobalSection(ExtensibilityGlobals) = postSolution
		SolutionGuid = {BA6E97D2-A72F-49F6-A7DA-F316843AFC5F}
	EndGlobalSection
EndGlobal
